
Microsoft Visual Studio Solution File, Format Version 12.00
# Visual Studio Version 17
VisualStudioVersion = 17.3.32819.101
MinimumVisualStudioVersion = 10.0.40219.1
Project("{FAE04EC0-301F-11D3-BF4B-00C04F79EFBC}") = "Islander", "Islander.csproj", "{FB5AA3E5-875C-44A7-A195-61C75937910A}"
EndProject
Global
	GlobalSection(SolutionConfigurationPlatforms) = preSolution
		Debug|Any CPU = Debug|Any CPU
		Release|Any CPU = Release|Any CPU
	EndGlobalSection
	GlobalSection(ProjectConfigurationPlatforms) = postSolution
		{FB5AA3E5-875C-44A7-A195-61C75937910A}.Debug|Any CPU.ActiveCfg = Debug|Any CPU
		{FB5AA3E5-875C-44A7-A195-61C75937910A}.Debug|Any CPU.Build.0 = Debug|Any CPU
		{FB5AA3E5-875C-44A7-A195-61C75937910A}.Release|Any CPU.ActiveCfg = Release|Any CPU
		{FB5AA3E5-875C-44A7-A195-61C75937910A}.Release|Any CPU.Build.0 = Release|Any CPU
	EndGlobalSection
	GlobalSection(SolutionProperties) = preSolution
		HideSolutionNode = FALSE
	EndGlobalSection
	GlobalSection(ExtensibilityGlobals) = postSolution
		SolutionGuid = {FB3A9945-1AE2-4D3D-877A-D87205B773EB}
	EndGlobalSection
EndGlobal
